github.com/gone-io/gone/v2 v2.0.10 h1:QuGsvDMOGGuZpBOSrvm7sHzlJwYBi9st6JEWnQGv9BM=
github.com/gone-io/gone/v2 v2.0.10/go.mod h1:pcy8mL3Ql16RLcDoK++jjHXu2ZCvddpKQSgw1JeSnc4=
go.uber.org/mock v0.5.1 h1:ASgazW/qBmR+A32MYFDB6E2POoTgOwT509VP0CT/fjs=
go.uber.org/mock v0.5.1/go.mod h1:ge71pBPLYDk7QIi1LupWxdAykm7KIEFchiOqd6z7qMM=
